
Microsoft Visual Studio Solution File, Format Version 12.00
# Visual Studio 14
VisualStudioVersion = 14.0.24720.0
MinimumVisualStudioVersion = 10.0.40219.1
Project("{FAE04EC0-301F-11D3-BF4B-00C04F79EFBC}") = "FinancialDataGrabber.Core", "FinancialDataGrabber.Core\FinancialDataGrabber.Core.csproj", "{F3D5EEBF-00EC-423D-BF29-0F53CD1C038B}"
EndProject
Project("{FAE04EC0-301F-11D3-BF4B-00C04F79EFBC}") = "Sample", "Sample\Sample.csproj", "{072B9ECF-912A-4B44-AA4A-671B34D1B0FD}"
EndProject
Project("{FAE04EC0-301F-11D3-BF4B-00C04F79EFBC}") = "FinancialDataGrabber.CVM", "FinancialDataGrabber.CVM\FinancialDataGrabber.CVM.csproj", "{7604509D-F233-4FE6-99E8-1AB0DF9D7137}"
EndProject
Global
	GlobalSection(SolutionConfigurationPlatforms) = preSolution
		Debug|Any CPU = Debug|Any CPU
		Release|Any CPU = Release|Any CPU
	EndGlobalSection
	GlobalSection(ProjectConfigurationPlatforms) = postSolution
		{F3D5EEBF-00EC-423D-BF29-0F53CD1C038B}.Debug|Any CPU.ActiveCfg = Debug|Any CPU
		{F3D5EEBF-00EC-423D-BF29-0F53CD1C038B}.Debug|Any CPU.Build.0 = Debug|Any CPU
		{F3D5EEBF-00EC-423D-BF29-0F53CD1C038B}.Release|Any CPU.ActiveCfg = Release|Any CPU
		{F3D5EEBF-00EC-423D-BF29-0F53CD1C038B}.Release|Any CPU.Build.0 = Release|Any CPU
		{072B9ECF-912A-4B44-AA4A-671B34D1B0FD}.Debug|Any CPU.ActiveCfg = Debug|Any CPU
		{072B9ECF-912A-4B44-AA4A-671B34D1B0FD}.Debug|Any CPU.Build.0 = Debug|Any CPU
		{072B9ECF-912A-4B44-AA4A-671B34D1B0FD}.Release|Any CPU.ActiveCfg = Release|Any CPU
		{072B9ECF-912A-4B44-AA4A-671B34D1B0FD}.Release|Any CPU.Build.0 = Release|Any CPU
		{7604509D-F233-4FE6-99E8-1AB0DF9D7137}.Debug|Any CPU.ActiveCfg = Debug|Any CPU
		{7604509D-F233-4FE6-99E8-1AB0DF9D7137}.Debug|Any CPU.Build.0 = Debug|Any CPU
		{7604509D-F233-4FE6-99E8-1AB0DF9D7137}.Release|Any CPU.ActiveCfg = Release|Any CPU
		{7604509D-F233-4FE6-99E8-1AB0DF9D7137}.Release|Any CPU.Build.0 = Release|Any CPU
	EndGlobalSection
	GlobalSection(SolutionProperties) = preSolution
		HideSolutionNode = FALSE
	EndGlobalSection
EndGlobal
